// !$*UTF8*$!
{
	archiveVersion = 1;
	classes = {
	};
	objectVersion = 46;
	objects = {

/* Begin PBXBuildFile section */
		2D8981ED19D1F7D6005574E0 /* main.cpp in Sources */ = {isa = PBXBuildFile; fileRef = 2D8981EC19D1F7D6005574E0 /* main.cpp */; };
/* End PBXBuildFile section */

/* Begin PBXCopyFilesBuildPhase section */
		2D8981E719D1F7D6005574E0 /* CopyFiles */ = {
			isa = PBXCopyFilesBuildPhase;
			buildActionMask = 2147483647;
			dstPath = /usr/share/man/man1/;
			dstSubfolderSpec = 0;
			files = (
			);
			runOnlyForDeploymentPostprocessing = 1;
		};
/* End PBXCopyFilesBuildPhase section */

/* Begin PBXFileReference section */
		2D8981E919D1F7D6005574E0 /* linkedlist */ = {isa = PBXFileReference; explicitFileType = "compiled.mach-o.executable"; includeInIndex = 0; path = linkedlist; sourceTree = BUILT_PRODUCTS_DIR; };
		2D8981EC19D1F7D6005574E0 /* main.cpp */ = {isa = PBXFileReference; lastKnownFileType = sourcecode.cpp.cpp; path = main.cpp; sourceTree = "<group>"; };
		2D8981F419D1F7F6005574E0 /* node.h */ = {isa = PBXFileReference; lastKnownFileType = sourcecode.c.h; path = node.h; sourceTree = "<group>"; };
		2D8981F519D1F9F7005574E0 /* linkedlist.h */ = {isa = PBXFileReference; lastKnownFileType = sourcecode.c.h; path = linkedlist.h; sourceTree = "<group>"; };
/* End PBXFileReference section */

/* Begin PBXFrameworksBuildPhase section */
		2D8981E619D1F7D6005574E0 /* Frameworks */ = {
			isa = PBXFrameworksBuildPhase;
			buildActionMask = 2147483647;
			files = (
			);
			runOnlyForDeploymentPostprocessing = 0;
		};
/* End PBXFrameworksBuildPhase section */

/* Begin PBXGroup section */
		2D8981E019D1F7D6005574E0 = {
			isa = PBXGroup;
			children = (
				2D8981EB19D1F7D6005574E0 /* linkedlist */,
				2D8981EA19D1F7D6005574E0 /* Products */,
			);
			sourceTree = "<group>";
		};
		2D8981EA19D1F7D6005574E0 /* Products */ = {
			isa = PBXGroup;
			children = (
				2D8981E919D1F7D6005574E0 /* linkedlist */,
			);
			name = Products;
			sourceTree = "<group>";
		};
		2D8981EB19D1F7D6005574E0 /* linkedlist */ = {
			isa = PBXGroup;
			children = (
				2D8981F319D1F7E2005574E0 /* Header */,
				2D8981EC19D1F7D6005574E0 /* main.cpp */,
			);
			path = linkedlist;
			sourceTree = "<group>";
		};
		2D8981F319D1F7E2005574E0 /* Header */ = {
			isa = PBXGroup;
			children = (
				2D8981F419D1F7F6005574E0 /* node.h */,
				2D8981F519D1F9F7005574E0 /* linkedlist.h */,
			);
			name = Header;
			sourceTree = "<group>";
		};
/* End PBXGroup section */

/* Begin PBXNativeTarget section */
		2D8981E819D1F7D6005574E0 /* linkedlist */ = {
			isa = PBXNativeTarget;
			buildConfigurationList = 2D8981F019D1F7D6005574E0 /* Build configuration list for PBXNativeTarget "linkedlist" */;
			buildPhases = (
				2D8981E519D1F7D6005574E0 /* Sources */,
				2D8981E619D1F7D6005574E0 /* Frameworks */,
				2D8981E719D1F7D6005574E0 /* CopyFiles */,
			);
			buildRules = (
			);
			dependencies = (
			);
			name = linkedlist;
			productName = linkedlist;
			productReference = 2D8981E919D1F7D6005574E0 /* linkedlist */;
			productType = "com.apple.product-type.tool";
		};
/* End PBXNativeTarget section */

/* Begin PBXProject section */
		2D8981E119D1F7D6005574E0 /* Project object */ = {
			isa = PBXProject;
			attributes = {
				LastUpgradeCheck = 0600;
				ORGANIZATIONNAME = SarthakWorks;
				TargetAttributes = {
					2D8981E819D1F7D6005574E0 = {
						CreatedOnToolsVersion = 6.0.1;
					};
				};
			};
			buildConfigurationList = 2D8981E419D1F7D6005574E0 /* Build configuration list for PBXProject "linkedlist" */;
			compatibilityVersion = "Xcode 3.2";
			developmentRegion = English;
			hasScannedForEncodings = 0;
			knownRegions = (
				en,
			);
			mainGroup = 2D8981E019D1F7D6005574E0;
			productRefGroup = 2D8981EA19D1F7D6005574E0 /* Products */;
			projectDirPath = "";
			projectRoot = "";
			targets = (
				2D8981E819D1F7D6005574E0 /* linkedlist */,
			);
		};
/* End PBXProject section */

/* Begin PBXSourcesBuildPhase section */
		2D8981E519D1F7D6005574E0 /* Sources */ = {
			isa = PBXSourcesBuildPhase;
			buildActionMask = 2147483647;
			files = (
				2D8981ED19D1F7D6005574E0 /* main.cpp in Sources */,
			);
			runOnlyForDeploymentPostprocessing = 0;
		};
/* End PBXSourcesBuildPhase section */

/* Begin XCBuildConfiguration section */
		2D8981EE19D1F7D6005574E0 /* Debug */ = {
			isa = XCBuildConfiguration;
			buildSettings = {
				ALWAYS_SEARCH_USER_PATHS = NO;
				CLANG_CXX_LANGUAGE_STANDARD = "gnu++0x";
				CLANG_CXX_LIBRARY = "libc++";
				CLANG_ENABLE_MODULES = YES;
				CLANG_ENABLE_OBJC_ARC = YES;
				CLANG_WARN_BOOL_CONVERSION = YES;
				CLANG_WARN_CONSTANT_CONVERSION = YES;
				CLANG_WARN_DIRECT_OBJC_ISA_USAGE = YES_ERROR;
				CLANG_WARN_EMPTY_BODY = YES;
				CLANG_WARN_ENUM_CONVERSION = YES;
				CLANG_WARN_INT_CONVERSION = YES;
				CLANG_WARN_OBJC_ROOT_CLASS = YES_ERROR;
				CLANG_WARN_UNREACHABLE_CODE = YES;
				CLANG_WARN__DUPLICATE_METHOD_MATCH = YES;
				COPY_PHASE_STRIP = NO;
				ENABLE_STRICT_OBJC_MSGSEND = YES;
				GCC_C_LANGUAGE_STANDARD = gnu99;
				GCC_DYNAMIC_NO_PIC = NO;
				GCC_OPTIMIZATION_LEVEL = 0;
				GCC_PREPROCESSOR_DEFINITIONS = (
					"DEBUG=1",
					"$(inherited)",
				);
				GCC_SYMBOLS_PRIVATE_EXTERN = NO;
				GCC_WARN_64_TO_32_BIT_CONVERSION = YES;
				GCC_WARN_ABOUT_RETURN_TYPE = YES_ERROR;
				GCC_WARN_UNDECLARED_SELECTOR = YES;
				GCC_WARN_UNINITIALIZED_AUTOS = YES_AGGRESSIVE;
				GCC_WARN_UNUSED_FUNCTION = YES;
				GCC_WARN_UNUSED_VARIABLE = YES;
				MACOSX_DEPLOYMENT_TARGET = 10.9;
				MTL_ENABLE_DEBUG_INFO = YES;
				ONLY_ACTIVE_ARCH = YES;
				SDKROOT = macosx;
			};
			name = Debug;
		};
		2D8981EF19D1F7D6005574E0 /* Release */ = {
			isa = XCBuildConfiguration;
			buildSettings = {
				ALWAYS_SEARCH_USER_PATHS = NO;
				CLANG_CXX_LANGUAGE_STANDARD = "gnu++0x";
				CLANG_CXX_LIBRARY = "libc++";
				CLANG_ENABLE_MODULES = YES;
				CLANG_ENABLE_OBJC_ARC = YES;
				CLANG_WARN_BOOL_CONVERSION = YES;
				CLANG_WARN_CONSTANT_CONVERSION = YES;
				CLANG_WARN_DIRECT_OBJC_ISA_USAGE = YES_ERROR;
				CLANG_WARN_EMPTY_BODY = YES;
				CLANG_WARN_ENUM_CONVERSION = YES;
				CLANG_WARN_INT_CONVERSION = YES;
				CLANG_WARN_OBJC_ROOT_CLASS = YES_ERROR;
				CLANG_WARN_UNREACHABLE_CODE = YES;
				CLANG_WARN__DUPLICATE_METHOD_MATCH = YES;
				COPY_PHASE_STRIP = YES;
				DEBUG_INFORMATION_FORMAT = "dwarf-with-dsym";
				ENABLE_NS_ASSERTIONS = NO;
				ENABLE_STRICT_OBJC_MSGSEND = YES;
				GCC_C_LANGUAGE_STANDARD = gnu99;
				GCC_WARN_64_TO_32_BIT_CONVERSION = YES;
				GCC_WARN_ABOUT_RETURN_TYPE = YES_ERROR;
				GCC_WARN_UNDECLARED_SELECTOR = YES;
				GCC_WARN_UNINITIALIZED_AUTOS = YES_AGGRESSIVE;
				GCC_WARN_UNUSED_FUNCTION = YES;
				GCC_WARN_UNUSED_VARIABLE = YES;
				MACOSX_DEPLOYMENT_TARGET = 10.9;
				MTL_ENABLE_DEBUG_INFO = NO;
				SDKROOT = macosx;
			};
			name = Release;
		};
		2D8981F119D1F7D6005574E0 /* Debug */ = {
			isa = XCBuildConfiguration;
			buildSettings = {
				PRODUCT_NAME = "$(TARGET_NAME)";
			};
			name = Debug;
		};
		2D8981F219D1F7D6005574E0 /* Release */ = {
			isa = XCBuildConfiguration;
			buildSettings = {
				PRODUCT_NAME = "$(TARGET_NAME)";
			};
			name = Release;
		};
/* End XCBuildConfiguration section */

/* Begin XCConfigurationList section */
		2D8981E419D1F7D6005574E0 /* Build configuration list for PBXProject "linkedlist" */ = {
			isa = XCConfigurationList;
			buildConfigurations = (
				2D8981EE19D1F7D6005574E0 /* Debug */,
				2D8981EF19D1F7D6005574E0 /* Release */,
			);
			defaultConfigurationIsVisible = 0;
			defaultConfigurationName = Release;
		};
		2D8981F019D1F7D6005574E0 /* Build configuration list for PBXNativeTarget "linkedlist" */ = {
			isa = XCConfigurationList;
			buildConfigurations = (
				2D8981F119D1F7D6005574E0 /* Debug */,
				2D8981F219D1F7D6005574E0 /* Release */,
			);
			defaultConfigurationIsVisible = 0;
		};
/* End XCConfigurationList section */
	};
	rootObject = 2D8981E119D1F7D6005574E0 /* Project object */;
}
